
Microsoft Visual Studio Solution File, Format Version 12.00
# Visual Studio 15
VisualStudioVersion = 15.0.27130.2036
MinimumVisualStudioVersion = 10.0.40219.1
Project("{FAE04EC0-301F-11D3-BF4B-00C04F79EFBC}") = "Sistemas", "..\Sistemas\Sistemas.csproj", "{DFF98615-73BD-4E97-B388-A139E206B174}"
EndProject
Project("{FAE04EC0-301F-11D3-BF4B-00C04F79EFBC}") = "cAccesoDatosNet", "..\..\Database and tools\cAccesoDatos.NET\cAccesoDatosNet.csproj", "{D3E453AA-39B7-480F-8917-6D7F5076C3ED}"
EndProject
Project("{2150E333-8FDC-42A3-9474-1A3956D46DE8}") = "Apps", "Apps", "{1D17A21A-95D8-436A-8A3A-38AE2EF835CA}"
EndProject
Project("{2150E333-8FDC-42A3-9474-1A3956D46DE8}") = "Database", "Database", "{7B07F3AD-8948-42F3-9A6F-0297636FBF0C}"
EndProject
Project("{2150E333-8FDC-42A3-9474-1A3956D46DE8}") = "Tools", "Tools", "{9A5F1334-96A2-4343-B6B5-94245973DB55}"
EndProject
Project("{2150E333-8FDC-42A3-9474-1A3956D46DE8}") = "Espack Controls", "Espack Controls", "{740EE352-1137-4924-ADA9-AD599D1CB2BE}"
EndProject
Project("{FAE04EC0-301F-11D3-BF4B-00C04F79EFBC}") = "CTLMantenimientoNet", "..\..\EspackControls\CTLMantenimientoNet\CTLMantenimientoNet.csproj", "{3569913E-7914-44D8-B6E6-9B72164C6580}"
EndProject
Project("{FAE04EC0-301F-11D3-BF4B-00C04F79EFBC}") = "CtlVSGrid", "..\..\EspackControls\CtlVSGrid\CtlVSGrid.csproj", "{6E156F1F-61F2-402B-A942-356427642A52}"
EndProject
Project("{FAE04EC0-301F-11D3-BF4B-00C04F79EFBC}") = "EspackControls", "..\..\EspackControls\EspackControls\EspackControls.csproj", "{ECE9AA32-F756-4BE3-A926-B0771E69066B}"
EndProject
Project("{FAE04EC0-301F-11D3-BF4B-00C04F79EFBC}") = "EspackFormControls", "..\..\EspackControls\EspackFormControls\EspackFormControls.csproj", "{70432336-F038-4EF1-AF04-012AE8E6C009}"
EndProject
Project("{FAE04EC0-301F-11D3-BF4B-00C04F79EFBC}") = "CommonTools", "..\..\Database and tools\CommonTools\CommonTools.csproj", "{9148F7E6-31F6-4F96-B7DC-AFEA449998C7}"
EndProject
Project("{2150E333-8FDC-42A3-9474-1A3956D46DE8}") = "Network", "Network", "{AD5A54CB-AD85-45E0-B075-83BD4834C36D}"
EndProject
Project("{FAE04EC0-301F-11D3-BF4B-00C04F79EFBC}") = "LogOn", "LogOn\LogOn.csproj", "{E8C2A7EF-3D7E-4D4E-B594-8A7E625621C4}"
EndProject
Project("{FAE04EC0-301F-11D3-BF4B-00C04F79EFBC}") = "Renci.SshNet", "..\..\Network Libraries\Renci.SshNet\Renci.SshNet.csproj", "{2F5F8C90-0BD1-424F-997C-7BC6280919D1}"
EndProject
Project("{FAE04EC0-301F-11D3-BF4B-00C04F79EFBC}") = "cFTP", "cFTP\cFTP.csproj", "{04D920D4-F298-4006-9C6A-DA56130E8BDB}"
EndProject
Project("{FAE04EC0-301F-11D3-BF4B-00C04F79EFBC}") = "LogOnLoader", "LogOnLoader\LogOnLoader.csproj", "{690EFA4D-CC4A-4AB1-AA91-5CC2B5E66A7F}"
EndProject
Project("{FAE04EC0-301F-11D3-BF4B-00C04F79EFBC}") = "Etiquetas_CS", "Etiquetas_CS\Etiquetas_CS.csproj", "{DA37D045-029C-4B4F-AB78-5C03DDA9B94C}"
EndProject
Project("{FAE04EC0-301F-11D3-BF4B-00C04F79EFBC}") = "RawPrinterHelper", "..\..\Database and tools\RawPrinterHelper\RawPrinterHelper\RawPrinterHelper.csproj", "{265BE0FE-A0B7-4A6F-84A3-2364A5CF865E}"
EndProject
Project("{FAE04EC0-301F-11D3-BF4B-00C04F79EFBC}") = "EspackClasses", "..\..\EspackClasses\EspackClasses.csproj", "{60C3AF59-C083-4DB1-A9FF-DDEC1E429029}"
EndProject
Project("{FAE04EC0-301F-11D3-BF4B-00C04F79EFBC}") = "LogOnObjects", "LogonObjects\LogonObjects\LogOnObjects.csproj", "{5F489D49-0A82-42E5-AF0F-3B2C580FB746}"
EndProject
Project("{FAE04EC0-301F-11D3-BF4B-00C04F79EFBC}") = "DiverseControls", "..\..\EspackControls\DiverseControls\DiverseControls\DiverseControls.csproj", "{005BD28A-42C7-4785-9EB1-BD6F2B7564C3}"
EndProject
Project("{FAE04EC0-301F-11D3-BF4B-00C04F79EFBC}") = "CommonToolsWin", "..\..\Database and tools\CommonToolsWin\CommonToolsWin\CommonToolsWin.csproj", "{DE462C35-3E22-4A1F-A3A0-1BA33173C623}"
EndProject
Project("{FAE04EC0-301F-11D3-BF4B-00C04F79EFBC}") = "Simplistica", "Simplistica\Simplistica.csproj", "{E4130D08-D657-4F61-ADEA-ABD58ECBAC69}"
EndProject
Project("{2150E333-8FDC-42A3-9474-1A3956D46DE8}") = "Tests", "Tests", "{85D16BFF-F5DA-4CE8-85D0-78D26D7C6E2A}"
EndProject
Project("{FAE04EC0-301F-11D3-BF4B-00C04F79EFBC}") = "ServerSocketConsole", "..\Tests\ServerSocketConsole\ServerSocketConsole.csproj", "{995CDE43-FB3E-4E59-96F1-696D7C5F5EFA}"
EndProject
Project("{FAE04EC0-301F-11D3-BF4B-00C04F79EFBC}") = "SocketClientSyncConsole", "SocketClientSyncConsole\SocketClientSyncConsole.csproj", "{3B0D2D70-5D68-46AB-9D33-B89DE67C3560}"
EndProject
Project("{FAE04EC0-301F-11D3-BF4B-00C04F79EFBC}") = "Encryption", "..\..\Database and tools\EncryptionWindows\Encryption\Encryption.csproj", "{B6CE04C5-9462-43C8-A039-F8EA3C5ACE91}"
EndProject
Project("{FAE04EC0-301F-11D3-BF4B-00C04F79EFBC}") = "TestADS", "TestADS\TestADS.csproj", "{D5D4B4AE-41CB-4F94-AEC8-AABDBE452BC8}"
EndProject
Project("{FAE04EC0-301F-11D3-BF4B-00C04F79EFBC}") = "Compression", "..\..\Database and tools\Compression\Compression\Compression.csproj", "{56E01207-2FDD-43E5-8F45-32B5CF34D8EB}"
EndProject
Project("{FAE04EC0-301F-11D3-BF4B-00C04F79EFBC}") = "Dawn.SocketAwaitable", "..\..\Network Libraries\SocksAwaitable\src\Dawn.SocketAwaitable\Dawn.SocketAwaitable.csproj", "{09C67697-1B3E-4E40-A972-C6768FFA006C}"
EndProject
Project("{FAE04EC0-301F-11D3-BF4B-00C04F79EFBC}") = "wcfTest", "wcfTest\wcfTest.csproj", "{BAD5496E-437B-4B26-98E3-ED786E4341FB}"
EndProject
Project("{FAE04EC0-301F-11D3-BF4B-00C04F79EFBC}") = "Messages", "..\..\Database and tools\Messages\Messages.csproj", "{19C864E9-F42C-404C-BA54-548392DBAF43}"
EndProject
Project("{FAE04EC0-301F-11D3-BF4B-00C04F79EFBC}") = "SocketsClient", "..\..\Network Libraries\Sockets\Sockets\SocketsClient.csproj", "{C9E2F11A-FA37-4FD2-9433-CC64CDBC2CEF}"
EndProject
Project("{FAE04EC0-301F-11D3-BF4B-00C04F79EFBC}") = "ServerTCPListenerConsole", "ConsoleApplication1\ServerTCPListenerConsole.csproj", "{88DB6370-4C8E-4361-9B63-330646A745C1}"
EndProject
Project("{FAE04EC0-301F-11D3-BF4B-00C04F79EFBC}") = "SimpleSocksTEst", "SimpleSocksTEst\SimpleSocksTEst.csproj", "{848E6BF3-BBE2-414E-A303-FB689BFB9AE0}"
EndProject
Project("{FAE04EC0-301F-11D3-BF4B-00C04F79EFBC}") = "Owncloud", "..\..\Network Libraries\Owncloud\Owncloud.csproj", "{0F193F80-9610-4020-8974-9AAA02BD1CA8}"
EndProject
Project("{FAE04EC0-301F-11D3-BF4B-00C04F79EFBC}") = "PowerShellTests", "PowerShellTests\PowerShellTests.csproj", "{FB776F7E-3506-4CF3-9960-45161B0234FD}"
EndProject
Project("{FAE04EC0-301F-11D3-BF4B-00C04F79EFBC}") = "ADControl", "PowerShell\ADControl.csproj", "{B4C5FC29-42A5-410E-A09D-BF68F2519BBC}"
EndProject
Project("{2150E333-8FDC-42A3-9474-1A3956D46DE8}") = "Setup", "Setup", "{6E23A6F8-08CB-475E-A5D4-593153D1C683}"
EndProject
Project("{FAE04EC0-301F-11D3-BF4B-00C04F79EFBC}") = "EspackSyncService", "EspackSyncService\EspackSyncService.csproj", "{60BD1BE4-E044-4EF7-BAC7-047FA0A4826F}"
EndProject
Project("{FAE04EC0-301F-11D3-BF4B-00C04F79EFBC}") = "ServerTCPListenerService", "ServerTCPListenerService\ServerTCPListenerService.csproj", "{B1D3C9DF-ECAF-4EDE-9506-9A9531CC62D0}"
EndProject
Project("{FAE04EC0-301F-11D3-BF4B-00C04F79EFBC}") = "ConsoleControlTest", "ConsoleControlTest\ConsoleControlTest.csproj", "{C5FE58C5-7745-4AB5-AC8A-75968B442A27}"
EndProject
Project("{FAE04EC0-301F-11D3-BF4B-00C04F79EFBC}") = "cAccesoDatos", "cAccesoDatos\cAccesoDatos.csproj", "{5DA9CB0B-9007-40F1-8086-1B0303D8271F}"
EndProject
Project("{FAE04EC0-301F-11D3-BF4B-00C04F79EFBC}") = "cAccesoDatosXML", "cAccesoDatosXML\cAccesoDatosXML.csproj", "{C0468156-744D-44F9-9E1F-879A237806B5}"
EndProject
Project("{FAE04EC0-301F-11D3-BF4B-00C04F79EFBC}") = "ObjectFactory", "ObjectFactory\ObjectFactory.csproj", "{D02927AD-1FA5-4A61-9A49-942574AB9FA9}"
EndProject
Project("{2150E333-8FDC-42A3-9474-1A3956D46DE8}") = "Sockets Libraries", "Sockets Libraries", "{EA694419-962B-436D-839B-86FB3E1F6E26}"
EndProject
Project("{FAE04EC0-301F-11D3-BF4B-00C04F79EFBC}") = "SocketsServer", "SocketsServer\SocketsServer.csproj", "{BC9B78D2-77AC-459C-8F42-99AAFE4242F9}"
EndProject
Project("{2150E333-8FDC-42A3-9474-1A3956D46DE8}") = "RemoteControl", "RemoteControl", "{E49F7C30-3478-4B75-9341-1847CFF7FA62}"
EndProject
Project("{FAE04EC0-301F-11D3-BF4B-00C04F79EFBC}") = "BaseService", "BaseControl\BaseService.csproj", "{CDF2B471-CB48-46ED-BCBD-840294F106BB}"
EndProject
Project("{FAE04EC0-301F-11D3-BF4B-00C04F79EFBC}") = "ADService", "ADService\ADService.csproj", "{EAE6391A-10FF-4188-99D7-6F5FDD857436}"
EndProject
Project("{FAE04EC0-301F-11D3-BF4B-00C04F79EFBC}") = "MasterClass", "..\..\..\Management\MasterClass\MasterClass.csproj", "{F1A54468-3469-49BE-B025-A9469925744C}"
EndProject
Project("{2150E333-8FDC-42A3-9474-1A3956D46DE8}") = "Logon Projects", "Logon Projects", "{B0D85985-2B0F-4179-8C68-1FDD1342E8DB}"
EndProject
Project("{FAE04EC0-301F-11D3-BF4B-00C04F79EFBC}") = "Repairs", "Repairs\Repairs.csproj", "{132AF40A-9A11-4BC5-82A5-1B79BFD48F34}"
EndProject
Project("{FAE04EC0-301F-11D3-BF4B-00C04F79EFBC}") = "EspackMenu", "EspackMenu\EspackMenu.csproj", "{F58C64DC-F90A-4732-8AFA-24DB566247F9}"
EndProject
Project("{FAE04EC0-301F-11D3-BF4B-00C04F79EFBC}") = "pdfTest", "pdfTest\pdfTest.csproj", "{216DE9CB-A8BB-49E6-92F6-FD86B37BC21F}"
EndProject
Global
	GlobalSection(SolutionConfigurationPlatforms) = preSolution
		Debug|Any CPU = Debug|Any CPU
		Release|Any CPU = Release|Any CPU
	EndGlobalSection
	GlobalSection(ProjectConfigurationPlatforms) = postSolution
		{DFF98615-73BD-4E97-B388-A139E206B174}.Debug|Any CPU.ActiveCfg = Debug|Any CPU
		{DFF98615-73BD-4E97-B388-A139E206B174}.Debug|Any CPU.Build.0 = Debug|Any CPU
		{DFF98615-73BD-4E97-B388-A139E206B174}.Release|Any CPU.ActiveCfg = Release|Any CPU
		{DFF98615-73BD-4E97-B388-A139E206B174}.Release|Any CPU.Build.0 = Release|Any CPU
		{D3E453AA-39B7-480F-8917-6D7F5076C3ED}.Debug|Any CPU.ActiveCfg = Debug|Any CPU
		{D3E453AA-39B7-480F-8917-6D7F5076C3ED}.Debug|Any CPU.Build.0 = Debug|Any CPU
		{D3E453AA-39B7-480F-8917-6D7F5076C3ED}.Release|Any CPU.ActiveCfg = Release|Any CPU
		{D3E453AA-39B7-480F-8917-6D7F5076C3ED}.Release|Any CPU.Build.0 = Release|Any CPU
		{3569913E-7914-44D8-B6E6-9B72164C6580}.Debug|Any CPU.ActiveCfg = Debug|Any CPU
		{3569913E-7914-44D8-B6E6-9B72164C6580}.Debug|Any CPU.Build.0 = Debug|Any CPU
		{3569913E-7914-44D8-B6E6-9B72164C6580}.Release|Any CPU.ActiveCfg = Release|Any CPU
		{3569913E-7914-44D8-B6E6-9B72164C6580}.Release|Any CPU.Build.0 = Release|Any CPU
		{6E156F1F-61F2-402B-A942-356427642A52}.Debug|Any CPU.ActiveCfg = Debug|Any CPU
		{6E156F1F-61F2-402B-A942-356427642A52}.Debug|Any CPU.Build.0 = Debug|Any CPU
		{6E156F1F-61F2-402B-A942-356427642A52}.Release|Any CPU.ActiveCfg = Release|Any CPU
		{6E156F1F-61F2-402B-A942-356427642A52}.Release|Any CPU.Build.0 = Release|Any CPU
		{ECE9AA32-F756-4BE3-A926-B0771E69066B}.Debug|Any CPU.ActiveCfg = Debug|Any CPU
		{ECE9AA32-F756-4BE3-A926-B0771E69066B}.Debug|Any CPU.Build.0 = Debug|Any CPU
		{ECE9AA32-F756-4BE3-A926-B0771E69066B}.Release|Any CPU.ActiveCfg = Release|Any CPU
		{ECE9AA32-F756-4BE3-A926-B0771E69066B}.Release|Any CPU.Build.0 = Release|Any CPU
		{70432336-F038-4EF1-AF04-012AE8E6C009}.Debug|Any CPU.ActiveCfg = Debug|Any CPU
		{70432336-F038-4EF1-AF04-012AE8E6C009}.Debug|Any CPU.Build.0 = Debug|Any CPU
		{70432336-F038-4EF1-AF04-012AE8E6C009}.Release|Any CPU.ActiveCfg = Release|Any CPU
		{70432336-F038-4EF1-AF04-012AE8E6C009}.Release|Any CPU.Build.0 = Release|Any CPU
		{9148F7E6-31F6-4F96-B7DC-AFEA449998C7}.Debug|Any CPU.ActiveCfg = Debug|Any CPU
		{9148F7E6-31F6-4F96-B7DC-AFEA449998C7}.Debug|Any CPU.Build.0 = Debug|Any CPU
		{9148F7E6-31F6-4F96-B7DC-AFEA449998C7}.Release|Any CPU.ActiveCfg = Release|Any CPU
		{9148F7E6-31F6-4F96-B7DC-AFEA449998C7}.Release|Any CPU.Build.0 = Release|Any CPU
		{E8C2A7EF-3D7E-4D4E-B594-8A7E625621C4}.Debug|Any CPU.ActiveCfg = Debug|Any CPU
		{E8C2A7EF-3D7E-4D4E-B594-8A7E625621C4}.Debug|Any CPU.Build.0 = Debug|Any CPU
		{E8C2A7EF-3D7E-4D4E-B594-8A7E625621C4}.Release|Any CPU.ActiveCfg = Release|Any CPU
		{E8C2A7EF-3D7E-4D4E-B594-8A7E625621C4}.Release|Any CPU.Build.0 = Release|Any CPU
		{2F5F8C90-0BD1-424F-997C-7BC6280919D1}.Debug|Any CPU.ActiveCfg = Debug|Any CPU
		{2F5F8C90-0BD1-424F-997C-7BC6280919D1}.Debug|Any CPU.Build.0 = Debug|Any CPU
		{2F5F8C90-0BD1-424F-997C-7BC6280919D1}.Release|Any CPU.ActiveCfg = Release|Any CPU
		{2F5F8C90-0BD1-424F-997C-7BC6280919D1}.Release|Any CPU.Build.0 = Release|Any CPU
		{04D920D4-F298-4006-9C6A-DA56130E8BDB}.Debug|Any CPU.ActiveCfg = Debug|Any CPU
		{04D920D4-F298-4006-9C6A-DA56130E8BDB}.Debug|Any CPU.Build.0 = Debug|Any CPU
		{04D920D4-F298-4006-9C6A-DA56130E8BDB}.Release|Any CPU.ActiveCfg = Release|Any CPU
		{04D920D4-F298-4006-9C6A-DA56130E8BDB}.Release|Any CPU.Build.0 = Release|Any CPU
		{690EFA4D-CC4A-4AB1-AA91-5CC2B5E66A7F}.Debug|Any CPU.ActiveCfg = Debug|Any CPU
		{690EFA4D-CC4A-4AB1-AA91-5CC2B5E66A7F}.Debug|Any CPU.Build.0 = Debug|Any CPU
		{690EFA4D-CC4A-4AB1-AA91-5CC2B5E66A7F}.Release|Any CPU.ActiveCfg = Release|Any CPU
		{690EFA4D-CC4A-4AB1-AA91-5CC2B5E66A7F}.Release|Any CPU.Build.0 = Release|Any CPU
		{DA37D045-029C-4B4F-AB78-5C03DDA9B94C}.Debug|Any CPU.ActiveCfg = Debug|Any CPU
		{DA37D045-029C-4B4F-AB78-5C03DDA9B94C}.Debug|Any CPU.Build.0 = Debug|Any CPU
		{DA37D045-029C-4B4F-AB78-5C03DDA9B94C}.Release|Any CPU.ActiveCfg = Release|Any CPU
		{DA37D045-029C-4B4F-AB78-5C03DDA9B94C}.Release|Any CPU.Build.0 = Release|Any CPU
		{265BE0FE-A0B7-4A6F-84A3-2364A5CF865E}.Debug|Any CPU.ActiveCfg = Debug|Any CPU
		{265BE0FE-A0B7-4A6F-84A3-2364A5CF865E}.Debug|Any CPU.Build.0 = Debug|Any CPU
		{265BE0FE-A0B7-4A6F-84A3-2364A5CF865E}.Release|Any CPU.ActiveCfg = Release|Any CPU
		{265BE0FE-A0B7-4A6F-84A3-2364A5CF865E}.Release|Any CPU.Build.0 = Release|Any CPU
		{60C3AF59-C083-4DB1-A9FF-DDEC1E429029}.Debug|Any CPU.ActiveCfg = Debug|Any CPU
		{60C3AF59-C083-4DB1-A9FF-DDEC1E429029}.Debug|Any CPU.Build.0 = Debug|Any CPU
		{60C3AF59-C083-4DB1-A9FF-DDEC1E429029}.Release|Any CPU.ActiveCfg = Release|Any CPU
		{60C3AF59-C083-4DB1-A9FF-DDEC1E429029}.Release|Any CPU.Build.0 = Release|Any CPU
		{5F489D49-0A82-42E5-AF0F-3B2C580FB746}.Debug|Any CPU.ActiveCfg = Debug|Any CPU
		{5F489D49-0A82-42E5-AF0F-3B2C580FB746}.Debug|Any CPU.Build.0 = Debug|Any CPU
		{5F489D49-0A82-42E5-AF0F-3B2C580FB746}.Release|Any CPU.ActiveCfg = Release|Any CPU
		{5F489D49-0A82-42E5-AF0F-3B2C580FB746}.Release|Any CPU.Build.0 = Release|Any CPU
		{005BD28A-42C7-4785-9EB1-BD6F2B7564C3}.Debug|Any CPU.ActiveCfg = Debug|Any CPU
		{005BD28A-42C7-4785-9EB1-BD6F2B7564C3}.Debug|Any CPU.Build.0 = Debug|Any CPU
		{005BD28A-42C7-4785-9EB1-BD6F2B7564C3}.Release|Any CPU.ActiveCfg = Release|Any CPU
		{005BD28A-42C7-4785-9EB1-BD6F2B7564C3}.Release|Any CPU.Build.0 = Release|Any CPU
		{DE462C35-3E22-4A1F-A3A0-1BA33173C623}.Debug|Any CPU.ActiveCfg = Debug|Any CPU
		{DE462C35-3E22-4A1F-A3A0-1BA33173C623}.Debug|Any CPU.Build.0 = Debug|Any CPU
		{DE462C35-3E22-4A1F-A3A0-1BA33173C623}.Release|Any CPU.ActiveCfg = Release|Any CPU
		{DE462C35-3E22-4A1F-A3A0-1BA33173C623}.Release|Any CPU.Build.0 = Release|Any CPU
		{E4130D08-D657-4F61-ADEA-ABD58ECBAC69}.Debug|Any CPU.ActiveCfg = Debug|Any CPU
		{E4130D08-D657-4F61-ADEA-ABD58ECBAC69}.Debug|Any CPU.Build.0 = Debug|Any CPU
		{E4130D08-D657-4F61-ADEA-ABD58ECBAC69}.Release|Any CPU.ActiveCfg = Release|Any CPU
		{E4130D08-D657-4F61-ADEA-ABD58ECBAC69}.Release|Any CPU.Build.0 = Release|Any CPU
		{995CDE43-FB3E-4E59-96F1-696D7C5F5EFA}.Debug|Any CPU.ActiveCfg = Debug|Any CPU
		{995CDE43-FB3E-4E59-96F1-696D7C5F5EFA}.Debug|Any CPU.Build.0 = Debug|Any CPU
		{995CDE43-FB3E-4E59-96F1-696D7C5F5EFA}.Release|Any CPU.ActiveCfg = Release|Any CPU
		{995CDE43-FB3E-4E59-96F1-696D7C5F5EFA}.Release|Any CPU.Build.0 = Release|Any CPU
		{3B0D2D70-5D68-46AB-9D33-B89DE67C3560}.Debug|Any CPU.ActiveCfg = Debug|Any CPU
		{3B0D2D70-5D68-46AB-9D33-B89DE67C3560}.Debug|Any CPU.Build.0 = Debug|Any CPU
		{3B0D2D70-5D68-46AB-9D33-B89DE67C3560}.Release|Any CPU.ActiveCfg = Release|Any CPU
		{3B0D2D70-5D68-46AB-9D33-B89DE67C3560}.Release|Any CPU.Build.0 = Release|Any CPU
		{B6CE04C5-9462-43C8-A039-F8EA3C5ACE91}.Debug|Any CPU.ActiveCfg = Debug|Any CPU
		{B6CE04C5-9462-43C8-A039-F8EA3C5ACE91}.Debug|Any CPU.Build.0 = Debug|Any CPU
		{B6CE04C5-9462-43C8-A039-F8EA3C5ACE91}.Release|Any CPU.ActiveCfg = Release|Any CPU
		{B6CE04C5-9462-43C8-A039-F8EA3C5ACE91}.Release|Any CPU.Build.0 = Release|Any CPU
		{D5D4B4AE-41CB-4F94-AEC8-AABDBE452BC8}.Debug|Any CPU.ActiveCfg = Debug|Any CPU
		{D5D4B4AE-41CB-4F94-AEC8-AABDBE452BC8}.Debug|Any CPU.Build.0 = Debug|Any CPU
		{D5D4B4AE-41CB-4F94-AEC8-AABDBE452BC8}.Release|Any CPU.ActiveCfg = Release|Any CPU
		{D5D4B4AE-41CB-4F94-AEC8-AABDBE452BC8}.Release|Any CPU.Build.0 = Release|Any CPU
		{56E01207-2FDD-43E5-8F45-32B5CF34D8EB}.Debug|Any CPU.ActiveCfg = Debug|Any CPU
		{56E01207-2FDD-43E5-8F45-32B5CF34D8EB}.Debug|Any CPU.Build.0 = Debug|Any CPU
		{56E01207-2FDD-43E5-8F45-32B5CF34D8EB}.Release|Any CPU.ActiveCfg = Release|Any CPU
		{56E01207-2FDD-43E5-8F45-32B5CF34D8EB}.Release|Any CPU.Build.0 = Release|Any CPU
		{09C67697-1B3E-4E40-A972-C6768FFA006C}.Debug|Any CPU.ActiveCfg = Debug|Any CPU
		{09C67697-1B3E-4E40-A972-C6768FFA006C}.Debug|Any CPU.Build.0 = Debug|Any CPU
		{09C67697-1B3E-4E40-A972-C6768FFA006C}.Release|Any CPU.ActiveCfg = Release|Any CPU
		{09C67697-1B3E-4E40-A972-C6768FFA006C}.Release|Any CPU.Build.0 = Release|Any CPU
		{BAD5496E-437B-4B26-98E3-ED786E4341FB}.Debug|Any CPU.ActiveCfg = Debug|Any CPU
		{BAD5496E-437B-4B26-98E3-ED786E4341FB}.Debug|Any CPU.Build.0 = Debug|Any CPU
		{BAD5496E-437B-4B26-98E3-ED786E4341FB}.Release|Any CPU.ActiveCfg = Release|Any CPU
		{BAD5496E-437B-4B26-98E3-ED786E4341FB}.Release|Any CPU.Build.0 = Release|Any CPU
		{19C864E9-F42C-404C-BA54-548392DBAF43}.Debug|Any CPU.ActiveCfg = Debug|Any CPU
		{19C864E9-F42C-404C-BA54-548392DBAF43}.Debug|Any CPU.Build.0 = Debug|Any CPU
		{19C864E9-F42C-404C-BA54-548392DBAF43}.Release|Any CPU.ActiveCfg = Release|Any CPU
		{19C864E9-F42C-404C-BA54-548392DBAF43}.Release|Any CPU.Build.0 = Release|Any CPU
		{C9E2F11A-FA37-4FD2-9433-CC64CDBC2CEF}.Debug|Any CPU.ActiveCfg = Debug|Any CPU
		{C9E2F11A-FA37-4FD2-9433-CC64CDBC2CEF}.Debug|Any CPU.Build.0 = Debug|Any CPU
		{C9E2F11A-FA37-4FD2-9433-CC64CDBC2CEF}.Release|Any CPU.ActiveCfg = Release|Any CPU
		{C9E2F11A-FA37-4FD2-9433-CC64CDBC2CEF}.Release|Any CPU.Build.0 = Release|Any CPU
		{88DB6370-4C8E-4361-9B63-330646A745C1}.Debug|Any CPU.ActiveCfg = Debug|Any CPU
		{88DB6370-4C8E-4361-9B63-330646A745C1}.Debug|Any CPU.Build.0 = Debug|Any CPU
		{88DB6370-4C8E-4361-9B63-330646A745C1}.Release|Any CPU.ActiveCfg = Release|Any CPU
		{88DB6370-4C8E-4361-9B63-330646A745C1}.Release|Any CPU.Build.0 = Release|Any CPU
		{848E6BF3-BBE2-414E-A303-FB689BFB9AE0}.Debug|Any CPU.ActiveCfg = Debug|Any CPU
		{848E6BF3-BBE2-414E-A303-FB689BFB9AE0}.Debug|Any CPU.Build.0 = Debug|Any CPU
		{848E6BF3-BBE2-414E-A303-FB689BFB9AE0}.Release|Any CPU.ActiveCfg = Release|Any CPU
		{848E6BF3-BBE2-414E-A303-FB689BFB9AE0}.Release|Any CPU.Build.0 = Release|Any CPU
		{0F193F80-9610-4020-8974-9AAA02BD1CA8}.Debug|Any CPU.ActiveCfg = Debug|Any CPU
		{0F193F80-9610-4020-8974-9AAA02BD1CA8}.Debug|Any CPU.Build.0 = Debug|Any CPU
		{0F193F80-9610-4020-8974-9AAA02BD1CA8}.Release|Any CPU.ActiveCfg = Release|Any CPU
		{0F193F80-9610-4020-8974-9AAA02BD1CA8}.Release|Any CPU.Build.0 = Release|Any CPU
		{FB776F7E-3506-4CF3-9960-45161B0234FD}.Debug|Any CPU.ActiveCfg = Debug|Any CPU
		{FB776F7E-3506-4CF3-9960-45161B0234FD}.Debug|Any CPU.Build.0 = Debug|Any CPU
		{FB776F7E-3506-4CF3-9960-45161B0234FD}.Release|Any CPU.ActiveCfg = Release|Any CPU
		{FB776F7E-3506-4CF3-9960-45161B0234FD}.Release|Any CPU.Build.0 = Release|Any CPU
		{B4C5FC29-42A5-410E-A09D-BF68F2519BBC}.Debug|Any CPU.ActiveCfg = Debug|Any CPU
		{B4C5FC29-42A5-410E-A09D-BF68F2519BBC}.Debug|Any CPU.Build.0 = Debug|Any CPU
		{B4C5FC29-42A5-410E-A09D-BF68F2519BBC}.Release|Any CPU.ActiveCfg = Release|Any CPU
		{B4C5FC29-42A5-410E-A09D-BF68F2519BBC}.Release|Any CPU.Build.0 = Release|Any CPU
		{60BD1BE4-E044-4EF7-BAC7-047FA0A4826F}.Debug|Any CPU.ActiveCfg = Debug|Any CPU
		{60BD1BE4-E044-4EF7-BAC7-047FA0A4826F}.Debug|Any CPU.Build.0 = Debug|Any CPU
		{60BD1BE4-E044-4EF7-BAC7-047FA0A4826F}.Release|Any CPU.ActiveCfg = Release|Any CPU
		{60BD1BE4-E044-4EF7-BAC7-047FA0A4826F}.Release|Any CPU.Build.0 = Release|Any CPU
		{B1D3C9DF-ECAF-4EDE-9506-9A9531CC62D0}.Debug|Any CPU.ActiveCfg = Debug|Any CPU
		{B1D3C9DF-ECAF-4EDE-9506-9A9531CC62D0}.Debug|Any CPU.Build.0 = Debug|Any CPU
		{B1D3C9DF-ECAF-4EDE-9506-9A9531CC62D0}.Release|Any CPU.ActiveCfg = Release|Any CPU
		{B1D3C9DF-ECAF-4EDE-9506-9A9531CC62D0}.Release|Any CPU.Build.0 = Release|Any CPU
		{C5FE58C5-7745-4AB5-AC8A-75968B442A27}.Debug|Any CPU.ActiveCfg = Debug|Any CPU
		{C5FE58C5-7745-4AB5-AC8A-75968B442A27}.Debug|Any CPU.Build.0 = Debug|Any CPU
		{C5FE58C5-7745-4AB5-AC8A-75968B442A27}.Release|Any CPU.ActiveCfg = Release|Any CPU
		{C5FE58C5-7745-4AB5-AC8A-75968B442A27}.Release|Any CPU.Build.0 = Release|Any CPU
		{5DA9CB0B-9007-40F1-8086-1B0303D8271F}.Debug|Any CPU.ActiveCfg = Debug|Any CPU
		{5DA9CB0B-9007-40F1-8086-1B0303D8271F}.Debug|Any CPU.Build.0 = Debug|Any CPU
		{5DA9CB0B-9007-40F1-8086-1B0303D8271F}.Release|Any CPU.ActiveCfg = Release|Any CPU
		{5DA9CB0B-9007-40F1-8086-1B0303D8271F}.Release|Any CPU.Build.0 = Release|Any CPU
		{C0468156-744D-44F9-9E1F-879A237806B5}.Debug|Any CPU.ActiveCfg = Debug|Any CPU
		{C0468156-744D-44F9-9E1F-879A237806B5}.Debug|Any CPU.Build.0 = Debug|Any CPU
		{C0468156-744D-44F9-9E1F-879A237806B5}.Release|Any CPU.ActiveCfg = Release|Any CPU
		{C0468156-744D-44F9-9E1F-879A237806B5}.Release|Any CPU.Build.0 = Release|Any CPU
		{D02927AD-1FA5-4A61-9A49-942574AB9FA9}.Debug|Any CPU.ActiveCfg = Debug|Any CPU
		{D02927AD-1FA5-4A61-9A49-942574AB9FA9}.Debug|Any CPU.Build.0 = Debug|Any CPU
		{D02927AD-1FA5-4A61-9A49-942574AB9FA9}.Release|Any CPU.ActiveCfg = Release|Any CPU
		{D02927AD-1FA5-4A61-9A49-942574AB9FA9}.Release|Any CPU.Build.0 = Release|Any CPU
		{BC9B78D2-77AC-459C-8F42-99AAFE4242F9}.Debug|Any CPU.ActiveCfg = Debug|Any CPU
		{BC9B78D2-77AC-459C-8F42-99AAFE4242F9}.Debug|Any CPU.Build.0 = Debug|Any CPU
		{BC9B78D2-77AC-459C-8F42-99AAFE4242F9}.Release|Any CPU.ActiveCfg = Release|Any CPU
		{BC9B78D2-77AC-459C-8F42-99AAFE4242F9}.Release|Any CPU.Build.0 = Release|Any CPU
		{CDF2B471-CB48-46ED-BCBD-840294F106BB}.Debug|Any CPU.ActiveCfg = Debug|Any CPU
		{CDF2B471-CB48-46ED-BCBD-840294F106BB}.Debug|Any CPU.Build.0 = Debug|Any CPU
		{CDF2B471-CB48-46ED-BCBD-840294F106BB}.Release|Any CPU.ActiveCfg = Release|Any CPU
		{CDF2B471-CB48-46ED-BCBD-840294F106BB}.Release|Any CPU.Build.0 = Release|Any CPU
		{EAE6391A-10FF-4188-99D7-6F5FDD857436}.Debug|Any CPU.ActiveCfg = Debug|Any CPU
		{EAE6391A-10FF-4188-99D7-6F5FDD857436}.Debug|Any CPU.Build.0 = Debug|Any CPU
		{EAE6391A-10FF-4188-99D7-6F5FDD857436}.Release|Any CPU.ActiveCfg = Release|Any CPU
		{EAE6391A-10FF-4188-99D7-6F5FDD857436}.Release|Any CPU.Build.0 = Release|Any CPU
		{F1A54468-3469-49BE-B025-A9469925744C}.Debug|Any CPU.ActiveCfg = Debug|Any CPU
		{F1A54468-3469-49BE-B025-A9469925744C}.Debug|Any CPU.Build.0 = Debug|Any CPU
		{F1A54468-3469-49BE-B025-A9469925744C}.Release|Any CPU.ActiveCfg = Release|Any CPU
		{F1A54468-3469-49BE-B025-A9469925744C}.Release|Any CPU.Build.0 = Release|Any CPU
		{132AF40A-9A11-4BC5-82A5-1B79BFD48F34}.Debug|Any CPU.ActiveCfg = Debug|Any CPU
		{132AF40A-9A11-4BC5-82A5-1B79BFD48F34}.Debug|Any CPU.Build.0 = Debug|Any CPU
		{132AF40A-9A11-4BC5-82A5-1B79BFD48F34}.Release|Any CPU.ActiveCfg = Release|Any CPU
		{132AF40A-9A11-4BC5-82A5-1B79BFD48F34}.Release|Any CPU.Build.0 = Release|Any CPU
		{F58C64DC-F90A-4732-8AFA-24DB566247F9}.Debug|Any CPU.ActiveCfg = Debug|Any CPU
		{F58C64DC-F90A-4732-8AFA-24DB566247F9}.Debug|Any CPU.Build.0 = Debug|Any CPU
		{F58C64DC-F90A-4732-8AFA-24DB566247F9}.Release|Any CPU.ActiveCfg = Release|Any CPU
		{F58C64DC-F90A-4732-8AFA-24DB566247F9}.Release|Any CPU.Build.0 = Release|Any CPU
		{216DE9CB-A8BB-49E6-92F6-FD86B37BC21F}.Debug|Any CPU.ActiveCfg = Debug|Any CPU
		{216DE9CB-A8BB-49E6-92F6-FD86B37BC21F}.Debug|Any CPU.Build.0 = Debug|Any CPU
		{216DE9CB-A8BB-49E6-92F6-FD86B37BC21F}.Release|Any CPU.ActiveCfg = Release|Any CPU
		{216DE9CB-A8BB-49E6-92F6-FD86B37BC21F}.Release|Any CPU.Build.0 = Release|Any CPU
	EndGlobalSection
	GlobalSection(SolutionProperties) = preSolution
		HideSolutionNode = FALSE
	EndGlobalSection
	GlobalSection(NestedProjects) = preSolution
		{DFF98615-73BD-4E97-B388-A139E206B174} = {1D17A21A-95D8-436A-8A3A-38AE2EF835CA}
		{D3E453AA-39B7-480F-8917-6D7F5076C3ED} = {7B07F3AD-8948-42F3-9A6F-0297636FBF0C}
		{3569913E-7914-44D8-B6E6-9B72164C6580} = {740EE352-1137-4924-ADA9-AD599D1CB2BE}
		{6E156F1F-61F2-402B-A942-356427642A52} = {740EE352-1137-4924-ADA9-AD599D1CB2BE}
		{ECE9AA32-F756-4BE3-A926-B0771E69066B} = {740EE352-1137-4924-ADA9-AD599D1CB2BE}
		{70432336-F038-4EF1-AF04-012AE8E6C009} = {740EE352-1137-4924-ADA9-AD599D1CB2BE}
		{9148F7E6-31F6-4F96-B7DC-AFEA449998C7} = {9A5F1334-96A2-4343-B6B5-94245973DB55}
		{E8C2A7EF-3D7E-4D4E-B594-8A7E625621C4} = {B0D85985-2B0F-4179-8C68-1FDD1342E8DB}
		{2F5F8C90-0BD1-424F-997C-7BC6280919D1} = {AD5A54CB-AD85-45E0-B075-83BD4834C36D}
		{04D920D4-F298-4006-9C6A-DA56130E8BDB} = {AD5A54CB-AD85-45E0-B075-83BD4834C36D}
		{690EFA4D-CC4A-4AB1-AA91-5CC2B5E66A7F} = {B0D85985-2B0F-4179-8C68-1FDD1342E8DB}
		{DA37D045-029C-4B4F-AB78-5C03DDA9B94C} = {1D17A21A-95D8-436A-8A3A-38AE2EF835CA}
		{265BE0FE-A0B7-4A6F-84A3-2364A5CF865E} = {9A5F1334-96A2-4343-B6B5-94245973DB55}
		{60C3AF59-C083-4DB1-A9FF-DDEC1E429029} = {740EE352-1137-4924-ADA9-AD599D1CB2BE}
		{5F489D49-0A82-42E5-AF0F-3B2C580FB746} = {B0D85985-2B0F-4179-8C68-1FDD1342E8DB}
		{005BD28A-42C7-4785-9EB1-BD6F2B7564C3} = {740EE352-1137-4924-ADA9-AD599D1CB2BE}
		{DE462C35-3E22-4A1F-A3A0-1BA33173C623} = {9A5F1334-96A2-4343-B6B5-94245973DB55}
		{E4130D08-D657-4F61-ADEA-ABD58ECBAC69} = {1D17A21A-95D8-436A-8A3A-38AE2EF835CA}
		{995CDE43-FB3E-4E59-96F1-696D7C5F5EFA} = {85D16BFF-F5DA-4CE8-85D0-78D26D7C6E2A}
		{3B0D2D70-5D68-46AB-9D33-B89DE67C3560} = {85D16BFF-F5DA-4CE8-85D0-78D26D7C6E2A}
		{B6CE04C5-9462-43C8-A039-F8EA3C5ACE91} = {9A5F1334-96A2-4343-B6B5-94245973DB55}
		{D5D4B4AE-41CB-4F94-AEC8-AABDBE452BC8} = {85D16BFF-F5DA-4CE8-85D0-78D26D7C6E2A}
		{56E01207-2FDD-43E5-8F45-32B5CF34D8EB} = {9A5F1334-96A2-4343-B6B5-94245973DB55}
		{09C67697-1B3E-4E40-A972-C6768FFA006C} = {AD5A54CB-AD85-45E0-B075-83BD4834C36D}
		{BAD5496E-437B-4B26-98E3-ED786E4341FB} = {85D16BFF-F5DA-4CE8-85D0-78D26D7C6E2A}
		{19C864E9-F42C-404C-BA54-548392DBAF43} = {9A5F1334-96A2-4343-B6B5-94245973DB55}
		{C9E2F11A-FA37-4FD2-9433-CC64CDBC2CEF} = {EA694419-962B-436D-839B-86FB3E1F6E26}
		{88DB6370-4C8E-4361-9B63-330646A745C1} = {EA694419-962B-436D-839B-86FB3E1F6E26}
		{848E6BF3-BBE2-414E-A303-FB689BFB9AE0} = {85D16BFF-F5DA-4CE8-85D0-78D26D7C6E2A}
		{0F193F80-9610-4020-8974-9AAA02BD1CA8} = {E49F7C30-3478-4B75-9341-1847CFF7FA62}
		{FB776F7E-3506-4CF3-9960-45161B0234FD} = {85D16BFF-F5DA-4CE8-85D0-78D26D7C6E2A}
		{B4C5FC29-42A5-410E-A09D-BF68F2519BBC} = {E49F7C30-3478-4B75-9341-1847CFF7FA62}
		{60BD1BE4-E044-4EF7-BAC7-047FA0A4826F} = {1D17A21A-95D8-436A-8A3A-38AE2EF835CA}
		{B1D3C9DF-ECAF-4EDE-9506-9A9531CC62D0} = {EA694419-962B-436D-839B-86FB3E1F6E26}
		{C5FE58C5-7745-4AB5-AC8A-75968B442A27} = {85D16BFF-F5DA-4CE8-85D0-78D26D7C6E2A}
		{5DA9CB0B-9007-40F1-8086-1B0303D8271F} = {7B07F3AD-8948-42F3-9A6F-0297636FBF0C}
		{C0468156-744D-44F9-9E1F-879A237806B5} = {7B07F3AD-8948-42F3-9A6F-0297636FBF0C}
		{D02927AD-1FA5-4A61-9A49-942574AB9FA9} = {7B07F3AD-8948-42F3-9A6F-0297636FBF0C}
		{EA694419-962B-436D-839B-86FB3E1F6E26} = {AD5A54CB-AD85-45E0-B075-83BD4834C36D}
		{BC9B78D2-77AC-459C-8F42-99AAFE4242F9} = {EA694419-962B-436D-839B-86FB3E1F6E26}
		{E49F7C30-3478-4B75-9341-1847CFF7FA62} = {AD5A54CB-AD85-45E0-B075-83BD4834C36D}
		{CDF2B471-CB48-46ED-BCBD-840294F106BB} = {E49F7C30-3478-4B75-9341-1847CFF7FA62}
		{EAE6391A-10FF-4188-99D7-6F5FDD857436} = {E49F7C30-3478-4B75-9341-1847CFF7FA62}
		{F1A54468-3469-49BE-B025-A9469925744C} = {9A5F1334-96A2-4343-B6B5-94245973DB55}
		{B0D85985-2B0F-4179-8C68-1FDD1342E8DB} = {1D17A21A-95D8-436A-8A3A-38AE2EF835CA}
		{132AF40A-9A11-4BC5-82A5-1B79BFD48F34} = {1D17A21A-95D8-436A-8A3A-38AE2EF835CA}
		{F58C64DC-F90A-4732-8AFA-24DB566247F9} = {740EE352-1137-4924-ADA9-AD599D1CB2BE}
		{216DE9CB-A8BB-49E6-92F6-FD86B37BC21F} = {85D16BFF-F5DA-4CE8-85D0-78D26D7C6E2A}
	EndGlobalSection
	GlobalSection(ExtensibilityGlobals) = postSolution
		SolutionGuid = {371A2642-1747-4225-9160-3EADF2716F38}
	EndGlobalSection
EndGlobal
