
Microsoft Visual Studio Solution File, Format Version 12.00
# Visual Studio 15
VisualStudioVersion = 15.0.28307.136
MinimumVisualStudioVersion = 10.0.40219.1
Project("{2150E333-8FDC-42A3-9474-1A3956D46DE8}") = "TESTS", "TESTS", "{42AABBE6-DBE2-46E9-B275-0A6650384468}"
EndProject
Project("{FAE04EC0-301F-11D3-BF4B-00C04F79EFBC}") = "Test1", "Test1\Test1.csproj", "{C5459484-3738-42DB-B2B4-7EE8933D1643}"
EndProject
Project("{FAE04EC0-301F-11D3-BF4B-00C04F79EFBC}") = "Common", "Common\Common.csproj", "{0B06AE0A-EAAE-4360-A668-CD22AF9118ED}"
EndProject
Global
	GlobalSection(SolutionConfigurationPlatforms) = preSolution
		Debug|Any CPU = Debug|Any CPU
		Release|Any CPU = Release|Any CPU
	EndGlobalSection
	GlobalSection(ProjectConfigurationPlatforms) = postSolution
		{C5459484-3738-42DB-B2B4-7EE8933D1643}.Debug|Any CPU.ActiveCfg = Debug|Any CPU
		{C5459484-3738-42DB-B2B4-7EE8933D1643}.Debug|Any CPU.Build.0 = Debug|Any CPU
		{C5459484-3738-42DB-B2B4-7EE8933D1643}.Release|Any CPU.ActiveCfg = Release|Any CPU
		{C5459484-3738-42DB-B2B4-7EE8933D1643}.Release|Any CPU.Build.0 = Release|Any CPU
		{0B06AE0A-EAAE-4360-A668-CD22AF9118ED}.Debug|Any CPU.ActiveCfg = Debug|Any CPU
		{0B06AE0A-EAAE-4360-A668-CD22AF9118ED}.Debug|Any CPU.Build.0 = Debug|Any CPU
		{0B06AE0A-EAAE-4360-A668-CD22AF9118ED}.Release|Any CPU.ActiveCfg = Release|Any CPU
		{0B06AE0A-EAAE-4360-A668-CD22AF9118ED}.Release|Any CPU.Build.0 = Release|Any CPU
	EndGlobalSection
	GlobalSection(SolutionProperties) = preSolution
		HideSolutionNode = FALSE
	EndGlobalSection
	GlobalSection(NestedProjects) = preSolution
		{C5459484-3738-42DB-B2B4-7EE8933D1643} = {42AABBE6-DBE2-46E9-B275-0A6650384468}
		{0B06AE0A-EAAE-4360-A668-CD22AF9118ED} = {42AABBE6-DBE2-46E9-B275-0A6650384468}
	EndGlobalSection
	GlobalSection(ExtensibilityGlobals) = postSolution
		SolutionGuid = {7529F9AF-D45E-47DC-B3E5-44742303C59B}
	EndGlobalSection
EndGlobal
