
Microsoft Visual Studio Solution File, Format Version 12.00
# Visual Studio Version 16
VisualStudioVersion = 16.0.31321.278
MinimumVisualStudioVersion = 10.0.40219.1
Project("{9A19103F-16F7-4668-BE54-9A1E7A4F7556}") = "SFTPDownload", "SFTPDownload\SFTPDownload.csproj", "{BE621923-F37A-4B64-BDD7-7FC81DCB76F0}"
EndProject
Project("{2150E333-8FDC-42A3-9474-1A3956D46DE8}") = "Solution Items", "Solution Items", "{D0C1A48E-D6C7-46FB-A25C-99F6D77B6F21}"
EndProject
Project("{9A19103F-16F7-4668-BE54-9A1E7A4F7556}") = "SFTPUpload", "SFTPUpload\SFTPUpload.csproj", "{DEC8FA7C-CECA-464A-A284-FC042B75EE1F}"
EndProject
Project("{FAE04EC0-301F-11D3-BF4B-00C04F79EFBC}") = "SFTPComms", "SFTPComms\SFTPComms.csproj", "{6E3C58A8-6DBE-4358-8B04-9201794F7B9F}"
EndProject
Global
	GlobalSection(SolutionConfigurationPlatforms) = preSolution
		Debug|Any CPU = Debug|Any CPU
		Release|Any CPU = Release|Any CPU
	EndGlobalSection
	GlobalSection(ProjectConfigurationPlatforms) = postSolution
		{BE621923-F37A-4B64-BDD7-7FC81DCB76F0}.Debug|Any CPU.ActiveCfg = Debug|Any CPU
		{BE621923-F37A-4B64-BDD7-7FC81DCB76F0}.Debug|Any CPU.Build.0 = Debug|Any CPU
		{BE621923-F37A-4B64-BDD7-7FC81DCB76F0}.Release|Any CPU.ActiveCfg = Release|Any CPU
		{BE621923-F37A-4B64-BDD7-7FC81DCB76F0}.Release|Any CPU.Build.0 = Release|Any CPU
		{DEC8FA7C-CECA-464A-A284-FC042B75EE1F}.Debug|Any CPU.ActiveCfg = Debug|Any CPU
		{DEC8FA7C-CECA-464A-A284-FC042B75EE1F}.Debug|Any CPU.Build.0 = Debug|Any CPU
		{DEC8FA7C-CECA-464A-A284-FC042B75EE1F}.Release|Any CPU.ActiveCfg = Release|Any CPU
		{DEC8FA7C-CECA-464A-A284-FC042B75EE1F}.Release|Any CPU.Build.0 = Release|Any CPU
		{6E3C58A8-6DBE-4358-8B04-9201794F7B9F}.Debug|Any CPU.ActiveCfg = Debug|Any CPU
		{6E3C58A8-6DBE-4358-8B04-9201794F7B9F}.Debug|Any CPU.Build.0 = Debug|Any CPU
		{6E3C58A8-6DBE-4358-8B04-9201794F7B9F}.Release|Any CPU.ActiveCfg = Release|Any CPU
		{6E3C58A8-6DBE-4358-8B04-9201794F7B9F}.Release|Any CPU.Build.0 = Release|Any CPU
	EndGlobalSection
	GlobalSection(SolutionProperties) = preSolution
		HideSolutionNode = FALSE
	EndGlobalSection
	GlobalSection(ExtensibilityGlobals) = postSolution
		SolutionGuid = {560F522D-ADD5-4A35-B8FE-A9E6AAE565FE}
	EndGlobalSection
EndGlobal
