
Microsoft Visual Studio Solution File, Format Version 12.00
# Visual Studio Version 16
VisualStudioVersion = 16.0.29020.237
MinimumVisualStudioVersion = 10.0.40219.1
Project("{FAE04EC0-301F-11D3-BF4B-00C04F79EFBC}") = "Deliveries", "Deliveries.csproj", "{1310DBDA-3609-43FC-ABC6-636F1456C283}"
EndProject
Project("{9A19103F-16F7-4668-BE54-9A1E7A4F7556}") = "cAccesoDatos", "..\Sequencing\Database\cAccesoDatos\cAccesoDatos.csproj", "{39CF4639-1B55-4EA6-9158-7E6B5BB7C3ED}"
EndProject
Project("{9A19103F-16F7-4668-BE54-9A1E7A4F7556}") = "cAccesoDatos.Net", "..\Sequencing\Database\cAccesoDatos.Net\cAccesoDatos.Net.csproj", "{4E983ACD-9A72-48BD-AEC4-B19366521A37}"
EndProject
Project("{9A19103F-16F7-4668-BE54-9A1E7A4F7556}") = "cAccesoDatosXML", "..\Sequencing\Database\cAccesoDatosXML\cAccesoDatosXML.csproj", "{3BBA80C3-4979-4714-BF38-6BC0E426A592}"
EndProject
Project("{2150E333-8FDC-42A3-9474-1A3956D46DE8}") = "Database", "Database", "{45404703-386B-405E-96DB-A26CDE3734AE}"
EndProject
Project("{2150E333-8FDC-42A3-9474-1A3956D46DE8}") = "Network", "Network", "{71B34341-2285-4157-A2E9-A144456E3771}"
EndProject
Project("{FAE04EC0-301F-11D3-BF4B-00C04F79EFBC}") = "NetworkDetection", "..\Sequencing\Network\NetworkDetection\NetworkDetection.csproj", "{11DF0FC4-FC15-4C29-BEB8-0FE56E67ED55}"
EndProject
Project("{9A19103F-16F7-4668-BE54-9A1E7A4F7556}") = "SocketsClient", "..\Sequencing\Network\SocketsClient\SocketsClient.csproj", "{89E85201-0DCA-41BC-B8C2-003E8CA97FC2}"
EndProject
Project("{9A19103F-16F7-4668-BE54-9A1E7A4F7556}") = "SocketsServer", "..\Sequencing\Network\SocketsServer\SocketsServer.csproj", "{651A3731-265F-441A-839C-CD408E727372}"
EndProject
Project("{2150E333-8FDC-42A3-9474-1A3956D46DE8}") = "Tools", "Tools", "{738A5B9D-7F94-4D9C-A2F9-3874591F02DD}"
EndProject
Project("{FAE04EC0-301F-11D3-BF4B-00C04F79EFBC}") = "CommonAndroidTools", "..\Sequencing\Tools\CommonAndroidTools\CommonAndroidTools.csproj", "{3CB7DAB0-7442-4F1F-8DF4-A2339DABD30B}"
EndProject
Project("{9A19103F-16F7-4668-BE54-9A1E7A4F7556}") = "Compression", "..\Sequencing\Tools\Compression\Compression.csproj", "{27361A89-9343-4778-8617-A9F49EBF4E51}"
EndProject
Project("{9A19103F-16F7-4668-BE54-9A1E7A4F7556}") = "Encryption", "..\Sequencing\Tools\Encryption\Encryption.csproj", "{5095F0FC-7638-45AA-B823-9FA4AF62917B}"
EndProject
Project("{FAE04EC0-301F-11D3-BF4B-00C04F79EFBC}") = "LogonScreen", "..\Sequencing\Tools\LogonScreen\LogonScreen.csproj", "{8B156D8C-77AD-42FD-A3E4-CABBDF90F84F}"
EndProject
Project("{9A19103F-16F7-4668-BE54-9A1E7A4F7556}") = "Messages", "..\Sequencing\Tools\Messages\Messages.csproj", "{6CA613E1-0B90-4ABE-AF9E-EA904DF7BAFB}"
EndProject
Project("{9A19103F-16F7-4668-BE54-9A1E7A4F7556}") = "ObjectFactory", "..\Sequencing\Tools\ObjectFactory\ObjectFactory\ObjectFactory.csproj", "{E63404E7-EFBE-4B75-A087-59C2E55CC71E}"
EndProject
Project("{FAE04EC0-301F-11D3-BF4B-00C04F79EFBC}") = "Scanner", "..\Sequencing\Tools\Scanner\Scanner.csproj", "{AB9CCEB7-61EC-42EB-A142-2C4D38927C52}"
EndProject
Project("{9A19103F-16F7-4668-BE54-9A1E7A4F7556}") = "CommonTools", "..\CommonTools\CommonTools.csproj", "{39F454A3-12D2-4CA3-9BD0-09DB8F3E1970}"
EndProject
Global
	GlobalSection(SolutionConfigurationPlatforms) = preSolution
		Debug|Any CPU = Debug|Any CPU
		Release|Any CPU = Release|Any CPU
	EndGlobalSection
	GlobalSection(ProjectConfigurationPlatforms) = postSolution
		{1310DBDA-3609-43FC-ABC6-636F1456C283}.Debug|Any CPU.ActiveCfg = Debug|Any CPU
		{1310DBDA-3609-43FC-ABC6-636F1456C283}.Debug|Any CPU.Build.0 = Debug|Any CPU
		{1310DBDA-3609-43FC-ABC6-636F1456C283}.Debug|Any CPU.Deploy.0 = Debug|Any CPU
		{1310DBDA-3609-43FC-ABC6-636F1456C283}.Release|Any CPU.ActiveCfg = Release|Any CPU
		{1310DBDA-3609-43FC-ABC6-636F1456C283}.Release|Any CPU.Build.0 = Release|Any CPU
		{1310DBDA-3609-43FC-ABC6-636F1456C283}.Release|Any CPU.Deploy.0 = Release|Any CPU
		{39CF4639-1B55-4EA6-9158-7E6B5BB7C3ED}.Debug|Any CPU.ActiveCfg = Debug|Any CPU
		{39CF4639-1B55-4EA6-9158-7E6B5BB7C3ED}.Debug|Any CPU.Build.0 = Debug|Any CPU
		{39CF4639-1B55-4EA6-9158-7E6B5BB7C3ED}.Release|Any CPU.ActiveCfg = Release|Any CPU
		{39CF4639-1B55-4EA6-9158-7E6B5BB7C3ED}.Release|Any CPU.Build.0 = Release|Any CPU
		{4E983ACD-9A72-48BD-AEC4-B19366521A37}.Debug|Any CPU.ActiveCfg = Debug|Any CPU
		{4E983ACD-9A72-48BD-AEC4-B19366521A37}.Debug|Any CPU.Build.0 = Debug|Any CPU
		{4E983ACD-9A72-48BD-AEC4-B19366521A37}.Release|Any CPU.ActiveCfg = Release|Any CPU
		{4E983ACD-9A72-48BD-AEC4-B19366521A37}.Release|Any CPU.Build.0 = Release|Any CPU
		{3BBA80C3-4979-4714-BF38-6BC0E426A592}.Debug|Any CPU.ActiveCfg = Debug|Any CPU
		{3BBA80C3-4979-4714-BF38-6BC0E426A592}.Debug|Any CPU.Build.0 = Debug|Any CPU
		{3BBA80C3-4979-4714-BF38-6BC0E426A592}.Release|Any CPU.ActiveCfg = Release|Any CPU
		{3BBA80C3-4979-4714-BF38-6BC0E426A592}.Release|Any CPU.Build.0 = Release|Any CPU
		{11DF0FC4-FC15-4C29-BEB8-0FE56E67ED55}.Debug|Any CPU.ActiveCfg = Debug|Any CPU
		{11DF0FC4-FC15-4C29-BEB8-0FE56E67ED55}.Debug|Any CPU.Build.0 = Debug|Any CPU
		{11DF0FC4-FC15-4C29-BEB8-0FE56E67ED55}.Release|Any CPU.ActiveCfg = Release|Any CPU
		{11DF0FC4-FC15-4C29-BEB8-0FE56E67ED55}.Release|Any CPU.Build.0 = Release|Any CPU
		{89E85201-0DCA-41BC-B8C2-003E8CA97FC2}.Debug|Any CPU.ActiveCfg = Debug|Any CPU
		{89E85201-0DCA-41BC-B8C2-003E8CA97FC2}.Debug|Any CPU.Build.0 = Debug|Any CPU
		{89E85201-0DCA-41BC-B8C2-003E8CA97FC2}.Release|Any CPU.ActiveCfg = Release|Any CPU
		{89E85201-0DCA-41BC-B8C2-003E8CA97FC2}.Release|Any CPU.Build.0 = Release|Any CPU
		{651A3731-265F-441A-839C-CD408E727372}.Debug|Any CPU.ActiveCfg = Debug|Any CPU
		{651A3731-265F-441A-839C-CD408E727372}.Debug|Any CPU.Build.0 = Debug|Any CPU
		{651A3731-265F-441A-839C-CD408E727372}.Release|Any CPU.ActiveCfg = Release|Any CPU
		{651A3731-265F-441A-839C-CD408E727372}.Release|Any CPU.Build.0 = Release|Any CPU
		{3CB7DAB0-7442-4F1F-8DF4-A2339DABD30B}.Debug|Any CPU.ActiveCfg = Debug|Any CPU
		{3CB7DAB0-7442-4F1F-8DF4-A2339DABD30B}.Debug|Any CPU.Build.0 = Debug|Any CPU
		{3CB7DAB0-7442-4F1F-8DF4-A2339DABD30B}.Release|Any CPU.ActiveCfg = Release|Any CPU
		{3CB7DAB0-7442-4F1F-8DF4-A2339DABD30B}.Release|Any CPU.Build.0 = Release|Any CPU
		{27361A89-9343-4778-8617-A9F49EBF4E51}.Debug|Any CPU.ActiveCfg = Debug|Any CPU
		{27361A89-9343-4778-8617-A9F49EBF4E51}.Debug|Any CPU.Build.0 = Debug|Any CPU
		{27361A89-9343-4778-8617-A9F49EBF4E51}.Release|Any CPU.ActiveCfg = Release|Any CPU
		{27361A89-9343-4778-8617-A9F49EBF4E51}.Release|Any CPU.Build.0 = Release|Any CPU
		{5095F0FC-7638-45AA-B823-9FA4AF62917B}.Debug|Any CPU.ActiveCfg = Debug|Any CPU
		{5095F0FC-7638-45AA-B823-9FA4AF62917B}.Debug|Any CPU.Build.0 = Debug|Any CPU
		{5095F0FC-7638-45AA-B823-9FA4AF62917B}.Release|Any CPU.ActiveCfg = Release|Any CPU
		{5095F0FC-7638-45AA-B823-9FA4AF62917B}.Release|Any CPU.Build.0 = Release|Any CPU
		{8B156D8C-77AD-42FD-A3E4-CABBDF90F84F}.Debug|Any CPU.ActiveCfg = Debug|Any CPU
		{8B156D8C-77AD-42FD-A3E4-CABBDF90F84F}.Debug|Any CPU.Build.0 = Debug|Any CPU
		{8B156D8C-77AD-42FD-A3E4-CABBDF90F84F}.Release|Any CPU.ActiveCfg = Release|Any CPU
		{8B156D8C-77AD-42FD-A3E4-CABBDF90F84F}.Release|Any CPU.Build.0 = Release|Any CPU
		{6CA613E1-0B90-4ABE-AF9E-EA904DF7BAFB}.Debug|Any CPU.ActiveCfg = Debug|Any CPU
		{6CA613E1-0B90-4ABE-AF9E-EA904DF7BAFB}.Debug|Any CPU.Build.0 = Debug|Any CPU
		{6CA613E1-0B90-4ABE-AF9E-EA904DF7BAFB}.Release|Any CPU.ActiveCfg = Release|Any CPU
		{6CA613E1-0B90-4ABE-AF9E-EA904DF7BAFB}.Release|Any CPU.Build.0 = Release|Any CPU
		{E63404E7-EFBE-4B75-A087-59C2E55CC71E}.Debug|Any CPU.ActiveCfg = Debug|Any CPU
		{E63404E7-EFBE-4B75-A087-59C2E55CC71E}.Debug|Any CPU.Build.0 = Debug|Any CPU
		{E63404E7-EFBE-4B75-A087-59C2E55CC71E}.Release|Any CPU.ActiveCfg = Release|Any CPU
		{E63404E7-EFBE-4B75-A087-59C2E55CC71E}.Release|Any CPU.Build.0 = Release|Any CPU
		{AB9CCEB7-61EC-42EB-A142-2C4D38927C52}.Debug|Any CPU.ActiveCfg = Debug|Any CPU
		{AB9CCEB7-61EC-42EB-A142-2C4D38927C52}.Debug|Any CPU.Build.0 = Debug|Any CPU
		{AB9CCEB7-61EC-42EB-A142-2C4D38927C52}.Release|Any CPU.ActiveCfg = Release|Any CPU
		{AB9CCEB7-61EC-42EB-A142-2C4D38927C52}.Release|Any CPU.Build.0 = Release|Any CPU
		{39F454A3-12D2-4CA3-9BD0-09DB8F3E1970}.Debug|Any CPU.ActiveCfg = Debug|Any CPU
		{39F454A3-12D2-4CA3-9BD0-09DB8F3E1970}.Debug|Any CPU.Build.0 = Debug|Any CPU
		{39F454A3-12D2-4CA3-9BD0-09DB8F3E1970}.Release|Any CPU.ActiveCfg = Release|Any CPU
		{39F454A3-12D2-4CA3-9BD0-09DB8F3E1970}.Release|Any CPU.Build.0 = Release|Any CPU
	EndGlobalSection
	GlobalSection(SolutionProperties) = preSolution
		HideSolutionNode = FALSE
	EndGlobalSection
	GlobalSection(NestedProjects) = preSolution
		{39CF4639-1B55-4EA6-9158-7E6B5BB7C3ED} = {45404703-386B-405E-96DB-A26CDE3734AE}
		{4E983ACD-9A72-48BD-AEC4-B19366521A37} = {45404703-386B-405E-96DB-A26CDE3734AE}
		{3BBA80C3-4979-4714-BF38-6BC0E426A592} = {45404703-386B-405E-96DB-A26CDE3734AE}
		{11DF0FC4-FC15-4C29-BEB8-0FE56E67ED55} = {71B34341-2285-4157-A2E9-A144456E3771}
		{89E85201-0DCA-41BC-B8C2-003E8CA97FC2} = {71B34341-2285-4157-A2E9-A144456E3771}
		{651A3731-265F-441A-839C-CD408E727372} = {71B34341-2285-4157-A2E9-A144456E3771}
		{3CB7DAB0-7442-4F1F-8DF4-A2339DABD30B} = {738A5B9D-7F94-4D9C-A2F9-3874591F02DD}
		{27361A89-9343-4778-8617-A9F49EBF4E51} = {738A5B9D-7F94-4D9C-A2F9-3874591F02DD}
		{5095F0FC-7638-45AA-B823-9FA4AF62917B} = {738A5B9D-7F94-4D9C-A2F9-3874591F02DD}
		{8B156D8C-77AD-42FD-A3E4-CABBDF90F84F} = {738A5B9D-7F94-4D9C-A2F9-3874591F02DD}
		{6CA613E1-0B90-4ABE-AF9E-EA904DF7BAFB} = {738A5B9D-7F94-4D9C-A2F9-3874591F02DD}
		{E63404E7-EFBE-4B75-A087-59C2E55CC71E} = {738A5B9D-7F94-4D9C-A2F9-3874591F02DD}
		{AB9CCEB7-61EC-42EB-A142-2C4D38927C52} = {738A5B9D-7F94-4D9C-A2F9-3874591F02DD}
		{39F454A3-12D2-4CA3-9BD0-09DB8F3E1970} = {738A5B9D-7F94-4D9C-A2F9-3874591F02DD}
	EndGlobalSection
	GlobalSection(ExtensibilityGlobals) = postSolution
		SolutionGuid = {43B9017F-A1CC-4AE9-BF77-B9FF4F7BFD2E}
	EndGlobalSection
EndGlobal
