
Microsoft Visual Studio Solution File, Format Version 12.00
# Visual Studio Version 16
VisualStudioVersion = 16.0.28729.10
MinimumVisualStudioVersion = 10.0.40219.1
Project("{FAE04EC0-301F-11D3-BF4B-00C04F79EFBC}") = "VS2019_Android_Apps", "VS2019_Android_Apps\VS2019_Android_Apps.csproj", "{E08440D6-18C9-43BB-8283-BD2A21638D77}"
EndProject
Project("{FAE04EC0-301F-11D3-BF4B-00C04F79EFBC}") = "LogonScreen", "LogonScreen\LogonScreen.csproj", "{8E78DAF8-0422-4883-94F9-B4AE14DD9360}"
EndProject
Project("{FAE04EC0-301F-11D3-BF4B-00C04F79EFBC}") = "cAccesoDatos", "..\..\Windows\Windows Apps\cAccesoDatos\cAccesoDatos.csproj", "{5DA9CB0B-9007-40F1-8086-1B0303D8271F}"
EndProject
Project("{FAE04EC0-301F-11D3-BF4B-00C04F79EFBC}") = "cAccesoDatosNet", "..\..\Database and tools\cAccesoDatos.NET\cAccesoDatosNet.csproj", "{D3E453AA-39B7-480F-8917-6D7F5076C3ED}"
EndProject
Project("{2150E333-8FDC-42A3-9474-1A3956D46DE8}") = "Database", "Database", "{7285A04A-619C-4B73-ADA2-39618E778091}"
EndProject
Project("{FAE04EC0-301F-11D3-BF4B-00C04F79EFBC}") = "cAccesoDatosXML", "..\..\Windows\Windows Apps\cAccesoDatosXML\cAccesoDatosXML.csproj", "{C0468156-744D-44F9-9E1F-879A237806B5}"
EndProject
Project("{FAE04EC0-301F-11D3-BF4B-00C04F79EFBC}") = "ObjectFactory", "..\..\Windows\Windows Apps\ObjectFactory\ObjectFactory.csproj", "{D02927AD-1FA5-4A61-9A49-942574AB9FA9}"
EndProject
Project("{FAE04EC0-301F-11D3-BF4B-00C04F79EFBC}") = "CommonAndroidTools", "CommonAndroidTools\CommonAndroidTools.csproj", "{2515369E-2EC4-4459-B58E-8B6B6B1D619B}"
EndProject
Project("{2150E333-8FDC-42A3-9474-1A3956D46DE8}") = "Network", "Network", "{1FB45A78-70C6-425A-9F16-56F435B4E06A}"
EndProject
Project("{2150E333-8FDC-42A3-9474-1A3956D46DE8}") = "Sockets", "Sockets", "{8FB64D88-4639-4893-A63C-364476429C08}"
EndProject
Project("{FAE04EC0-301F-11D3-BF4B-00C04F79EFBC}") = "SocketsClient", "..\..\Network Libraries\Sockets\Sockets\SocketsClient.csproj", "{C9E2F11A-FA37-4FD2-9433-CC64CDBC2CEF}"
EndProject
Project("{FAE04EC0-301F-11D3-BF4B-00C04F79EFBC}") = "SocketsServer", "..\..\Windows\Windows Apps\SocketsServer\SocketsServer.csproj", "{BC9B78D2-77AC-459C-8F42-99AAFE4242F9}"
EndProject
Project("{FAE04EC0-301F-11D3-BF4B-00C04F79EFBC}") = "Messages", "..\..\Database and tools\Messages\Messages.csproj", "{19C864E9-F42C-404C-BA54-548392DBAF43}"
EndProject
Project("{2150E333-8FDC-42A3-9474-1A3956D46DE8}") = "Tools", "Tools", "{9A5F8478-4BB5-4C27-86D5-60423E938ACC}"
EndProject
Project("{FAE04EC0-301F-11D3-BF4B-00C04F79EFBC}") = "CommonTools", "..\..\Database and tools\CommonTools\CommonTools.csproj", "{9148F7E6-31F6-4F96-B7DC-AFEA449998C7}"
EndProject
Project("{2150E333-8FDC-42A3-9474-1A3956D46DE8}") = "Apps", "Apps", "{3791A5C9-6DD0-4573-9B3C-DD20547C028A}"
EndProject
Project("{FAE04EC0-301F-11D3-BF4B-00C04F79EFBC}") = "RadioFXC", "RadioFXC\RadioFXC.csproj", "{C8156384-FDF8-4305-A864-F2F45DD5A604}"
EndProject
Project("{FAE04EC0-301F-11D3-BF4B-00C04F79EFBC}") = "Encryption", "Encryption\Encryption.csproj", "{B2D37F13-1990-4D07-8E01-0D09B15C34BA}"
EndProject
Project("{FAE04EC0-301F-11D3-BF4B-00C04F79EFBC}") = "Compression", "..\..\Database and tools\CompressionAndroid\Compression\Compression.csproj", "{948BBF7E-C260-47A5-B038-D2A8E0F17259}"
EndProject
Project("{FAE04EC0-301F-11D3-BF4B-00C04F79EFBC}") = "Dawn.SocketAwaitable", "..\..\Network Libraries\SocksAwaitable\src\Dawn.SocketAwaitable\Dawn.SocketAwaitable.csproj", "{09C67697-1B3E-4E40-A972-C6768FFA006C}"
EndProject
Project("{FAE04EC0-301F-11D3-BF4B-00C04F79EFBC}") = "Scanner", "..\DataWedge\Scanner.csproj", "{6D6D5061-87E6-42CE-AED2-A631B5A25979}"
EndProject
Project("{FAE04EC0-301F-11D3-BF4B-00C04F79EFBC}") = "RadioLogisticaDeliveries", "..\RadioLogisticaDeliveries\RadioLogisticaDeliveries.csproj", "{81815B8A-7E56-4118-80A9-CE691F7A5BDD}"
EndProject
Project("{FAE04EC0-301F-11D3-BF4B-00C04F79EFBC}") = "NetworkDetection", "..\Android Apps\NetworkDetection\NetworkDetection.csproj", "{C7587A97-8D82-4A8B-A472-89198666FD22}"
EndProject
Global
	GlobalSection(SolutionConfigurationPlatforms) = preSolution
		Debug|Any CPU = Debug|Any CPU
		Debug|x64 = Debug|x64
		Release|Any CPU = Release|Any CPU
		Release|x64 = Release|x64
	EndGlobalSection
	GlobalSection(ProjectConfigurationPlatforms) = postSolution
		{E08440D6-18C9-43BB-8283-BD2A21638D77}.Debug|Any CPU.ActiveCfg = Debug|Any CPU
		{E08440D6-18C9-43BB-8283-BD2A21638D77}.Debug|Any CPU.Build.0 = Debug|Any CPU
		{E08440D6-18C9-43BB-8283-BD2A21638D77}.Debug|Any CPU.Deploy.0 = Debug|Any CPU
		{E08440D6-18C9-43BB-8283-BD2A21638D77}.Debug|x64.ActiveCfg = Debug|Any CPU
		{E08440D6-18C9-43BB-8283-BD2A21638D77}.Debug|x64.Build.0 = Debug|Any CPU
		{E08440D6-18C9-43BB-8283-BD2A21638D77}.Debug|x64.Deploy.0 = Debug|Any CPU
		{E08440D6-18C9-43BB-8283-BD2A21638D77}.Release|Any CPU.ActiveCfg = Release|Any CPU
		{E08440D6-18C9-43BB-8283-BD2A21638D77}.Release|Any CPU.Build.0 = Release|Any CPU
		{E08440D6-18C9-43BB-8283-BD2A21638D77}.Release|Any CPU.Deploy.0 = Release|Any CPU
		{E08440D6-18C9-43BB-8283-BD2A21638D77}.Release|x64.ActiveCfg = Release|Any CPU
		{E08440D6-18C9-43BB-8283-BD2A21638D77}.Release|x64.Build.0 = Release|Any CPU
		{E08440D6-18C9-43BB-8283-BD2A21638D77}.Release|x64.Deploy.0 = Release|Any CPU
		{8E78DAF8-0422-4883-94F9-B4AE14DD9360}.Debug|Any CPU.ActiveCfg = Debug|Any CPU
		{8E78DAF8-0422-4883-94F9-B4AE14DD9360}.Debug|Any CPU.Build.0 = Debug|Any CPU
		{8E78DAF8-0422-4883-94F9-B4AE14DD9360}.Debug|x64.ActiveCfg = Debug|Any CPU
		{8E78DAF8-0422-4883-94F9-B4AE14DD9360}.Debug|x64.Build.0 = Debug|Any CPU
		{8E78DAF8-0422-4883-94F9-B4AE14DD9360}.Release|Any CPU.ActiveCfg = Release|Any CPU
		{8E78DAF8-0422-4883-94F9-B4AE14DD9360}.Release|Any CPU.Build.0 = Release|Any CPU
		{8E78DAF8-0422-4883-94F9-B4AE14DD9360}.Release|x64.ActiveCfg = Release|Any CPU
		{8E78DAF8-0422-4883-94F9-B4AE14DD9360}.Release|x64.Build.0 = Release|Any CPU
		{5DA9CB0B-9007-40F1-8086-1B0303D8271F}.Debug|Any CPU.ActiveCfg = Debug|Any CPU
		{5DA9CB0B-9007-40F1-8086-1B0303D8271F}.Debug|Any CPU.Build.0 = Debug|Any CPU
		{5DA9CB0B-9007-40F1-8086-1B0303D8271F}.Debug|x64.ActiveCfg = Debug|x64
		{5DA9CB0B-9007-40F1-8086-1B0303D8271F}.Debug|x64.Build.0 = Debug|x64
		{5DA9CB0B-9007-40F1-8086-1B0303D8271F}.Release|Any CPU.ActiveCfg = Release|Any CPU
		{5DA9CB0B-9007-40F1-8086-1B0303D8271F}.Release|Any CPU.Build.0 = Release|Any CPU
		{5DA9CB0B-9007-40F1-8086-1B0303D8271F}.Release|x64.ActiveCfg = Release|x64
		{5DA9CB0B-9007-40F1-8086-1B0303D8271F}.Release|x64.Build.0 = Release|x64
		{D3E453AA-39B7-480F-8917-6D7F5076C3ED}.Debug|Any CPU.ActiveCfg = Debug|Any CPU
		{D3E453AA-39B7-480F-8917-6D7F5076C3ED}.Debug|Any CPU.Build.0 = Debug|Any CPU
		{D3E453AA-39B7-480F-8917-6D7F5076C3ED}.Debug|x64.ActiveCfg = Debug|x64
		{D3E453AA-39B7-480F-8917-6D7F5076C3ED}.Debug|x64.Build.0 = Debug|x64
		{D3E453AA-39B7-480F-8917-6D7F5076C3ED}.Release|Any CPU.ActiveCfg = Release|Any CPU
		{D3E453AA-39B7-480F-8917-6D7F5076C3ED}.Release|Any CPU.Build.0 = Release|Any CPU
		{D3E453AA-39B7-480F-8917-6D7F5076C3ED}.Release|x64.ActiveCfg = Release|x64
		{D3E453AA-39B7-480F-8917-6D7F5076C3ED}.Release|x64.Build.0 = Release|x64
		{C0468156-744D-44F9-9E1F-879A237806B5}.Debug|Any CPU.ActiveCfg = Debug|Any CPU
		{C0468156-744D-44F9-9E1F-879A237806B5}.Debug|Any CPU.Build.0 = Debug|Any CPU
		{C0468156-744D-44F9-9E1F-879A237806B5}.Debug|x64.ActiveCfg = Debug|x64
		{C0468156-744D-44F9-9E1F-879A237806B5}.Debug|x64.Build.0 = Debug|x64
		{C0468156-744D-44F9-9E1F-879A237806B5}.Release|Any CPU.ActiveCfg = Release|Any CPU
		{C0468156-744D-44F9-9E1F-879A237806B5}.Release|Any CPU.Build.0 = Release|Any CPU
		{C0468156-744D-44F9-9E1F-879A237806B5}.Release|x64.ActiveCfg = Release|x64
		{C0468156-744D-44F9-9E1F-879A237806B5}.Release|x64.Build.0 = Release|x64
		{D02927AD-1FA5-4A61-9A49-942574AB9FA9}.Debug|Any CPU.ActiveCfg = Debug|Any CPU
		{D02927AD-1FA5-4A61-9A49-942574AB9FA9}.Debug|Any CPU.Build.0 = Debug|Any CPU
		{D02927AD-1FA5-4A61-9A49-942574AB9FA9}.Debug|x64.ActiveCfg = Debug|x64
		{D02927AD-1FA5-4A61-9A49-942574AB9FA9}.Debug|x64.Build.0 = Debug|x64
		{D02927AD-1FA5-4A61-9A49-942574AB9FA9}.Release|Any CPU.ActiveCfg = Release|Any CPU
		{D02927AD-1FA5-4A61-9A49-942574AB9FA9}.Release|Any CPU.Build.0 = Release|Any CPU
		{D02927AD-1FA5-4A61-9A49-942574AB9FA9}.Release|x64.ActiveCfg = Release|x64
		{D02927AD-1FA5-4A61-9A49-942574AB9FA9}.Release|x64.Build.0 = Release|x64
		{2515369E-2EC4-4459-B58E-8B6B6B1D619B}.Debug|Any CPU.ActiveCfg = Debug|Any CPU
		{2515369E-2EC4-4459-B58E-8B6B6B1D619B}.Debug|Any CPU.Build.0 = Debug|Any CPU
		{2515369E-2EC4-4459-B58E-8B6B6B1D619B}.Debug|x64.ActiveCfg = Debug|Any CPU
		{2515369E-2EC4-4459-B58E-8B6B6B1D619B}.Debug|x64.Build.0 = Debug|Any CPU
		{2515369E-2EC4-4459-B58E-8B6B6B1D619B}.Release|Any CPU.ActiveCfg = Release|Any CPU
		{2515369E-2EC4-4459-B58E-8B6B6B1D619B}.Release|Any CPU.Build.0 = Release|Any CPU
		{2515369E-2EC4-4459-B58E-8B6B6B1D619B}.Release|x64.ActiveCfg = Release|Any CPU
		{2515369E-2EC4-4459-B58E-8B6B6B1D619B}.Release|x64.Build.0 = Release|Any CPU
		{C9E2F11A-FA37-4FD2-9433-CC64CDBC2CEF}.Debug|Any CPU.ActiveCfg = Debug|Any CPU
		{C9E2F11A-FA37-4FD2-9433-CC64CDBC2CEF}.Debug|Any CPU.Build.0 = Debug|Any CPU
		{C9E2F11A-FA37-4FD2-9433-CC64CDBC2CEF}.Debug|x64.ActiveCfg = Debug|x64
		{C9E2F11A-FA37-4FD2-9433-CC64CDBC2CEF}.Debug|x64.Build.0 = Debug|x64
		{C9E2F11A-FA37-4FD2-9433-CC64CDBC2CEF}.Release|Any CPU.ActiveCfg = Release|Any CPU
		{C9E2F11A-FA37-4FD2-9433-CC64CDBC2CEF}.Release|Any CPU.Build.0 = Release|Any CPU
		{C9E2F11A-FA37-4FD2-9433-CC64CDBC2CEF}.Release|x64.ActiveCfg = Release|x64
		{C9E2F11A-FA37-4FD2-9433-CC64CDBC2CEF}.Release|x64.Build.0 = Release|x64
		{BC9B78D2-77AC-459C-8F42-99AAFE4242F9}.Debug|Any CPU.ActiveCfg = Debug|Any CPU
		{BC9B78D2-77AC-459C-8F42-99AAFE4242F9}.Debug|Any CPU.Build.0 = Debug|Any CPU
		{BC9B78D2-77AC-459C-8F42-99AAFE4242F9}.Debug|x64.ActiveCfg = Debug|x64
		{BC9B78D2-77AC-459C-8F42-99AAFE4242F9}.Debug|x64.Build.0 = Debug|x64
		{BC9B78D2-77AC-459C-8F42-99AAFE4242F9}.Release|Any CPU.ActiveCfg = Release|Any CPU
		{BC9B78D2-77AC-459C-8F42-99AAFE4242F9}.Release|Any CPU.Build.0 = Release|Any CPU
		{BC9B78D2-77AC-459C-8F42-99AAFE4242F9}.Release|x64.ActiveCfg = Release|x64
		{BC9B78D2-77AC-459C-8F42-99AAFE4242F9}.Release|x64.Build.0 = Release|x64
		{19C864E9-F42C-404C-BA54-548392DBAF43}.Debug|Any CPU.ActiveCfg = Debug|Any CPU
		{19C864E9-F42C-404C-BA54-548392DBAF43}.Debug|Any CPU.Build.0 = Debug|Any CPU
		{19C864E9-F42C-404C-BA54-548392DBAF43}.Debug|x64.ActiveCfg = Debug|x64
		{19C864E9-F42C-404C-BA54-548392DBAF43}.Debug|x64.Build.0 = Debug|x64
		{19C864E9-F42C-404C-BA54-548392DBAF43}.Release|Any CPU.ActiveCfg = Release|Any CPU
		{19C864E9-F42C-404C-BA54-548392DBAF43}.Release|Any CPU.Build.0 = Release|Any CPU
		{19C864E9-F42C-404C-BA54-548392DBAF43}.Release|x64.ActiveCfg = Release|x64
		{19C864E9-F42C-404C-BA54-548392DBAF43}.Release|x64.Build.0 = Release|x64
		{9148F7E6-31F6-4F96-B7DC-AFEA449998C7}.Debug|Any CPU.ActiveCfg = Debug|Any CPU
		{9148F7E6-31F6-4F96-B7DC-AFEA449998C7}.Debug|Any CPU.Build.0 = Debug|Any CPU
		{9148F7E6-31F6-4F96-B7DC-AFEA449998C7}.Debug|x64.ActiveCfg = Debug|x64
		{9148F7E6-31F6-4F96-B7DC-AFEA449998C7}.Debug|x64.Build.0 = Debug|x64
		{9148F7E6-31F6-4F96-B7DC-AFEA449998C7}.Release|Any CPU.ActiveCfg = Release|Any CPU
		{9148F7E6-31F6-4F96-B7DC-AFEA449998C7}.Release|Any CPU.Build.0 = Release|Any CPU
		{9148F7E6-31F6-4F96-B7DC-AFEA449998C7}.Release|x64.ActiveCfg = Release|x64
		{9148F7E6-31F6-4F96-B7DC-AFEA449998C7}.Release|x64.Build.0 = Release|x64
		{C8156384-FDF8-4305-A864-F2F45DD5A604}.Debug|Any CPU.ActiveCfg = Debug|Any CPU
		{C8156384-FDF8-4305-A864-F2F45DD5A604}.Debug|Any CPU.Build.0 = Debug|Any CPU
		{C8156384-FDF8-4305-A864-F2F45DD5A604}.Debug|Any CPU.Deploy.0 = Debug|Any CPU
		{C8156384-FDF8-4305-A864-F2F45DD5A604}.Debug|x64.ActiveCfg = Debug|Any CPU
		{C8156384-FDF8-4305-A864-F2F45DD5A604}.Debug|x64.Build.0 = Debug|Any CPU
		{C8156384-FDF8-4305-A864-F2F45DD5A604}.Debug|x64.Deploy.0 = Debug|Any CPU
		{C8156384-FDF8-4305-A864-F2F45DD5A604}.Release|Any CPU.ActiveCfg = Release|Any CPU
		{C8156384-FDF8-4305-A864-F2F45DD5A604}.Release|Any CPU.Build.0 = Release|Any CPU
		{C8156384-FDF8-4305-A864-F2F45DD5A604}.Release|Any CPU.Deploy.0 = Release|Any CPU
		{C8156384-FDF8-4305-A864-F2F45DD5A604}.Release|x64.ActiveCfg = Release|Any CPU
		{C8156384-FDF8-4305-A864-F2F45DD5A604}.Release|x64.Build.0 = Release|Any CPU
		{C8156384-FDF8-4305-A864-F2F45DD5A604}.Release|x64.Deploy.0 = Release|Any CPU
		{B2D37F13-1990-4D07-8E01-0D09B15C34BA}.Debug|Any CPU.ActiveCfg = Debug|Any CPU
		{B2D37F13-1990-4D07-8E01-0D09B15C34BA}.Debug|Any CPU.Build.0 = Debug|Any CPU
		{B2D37F13-1990-4D07-8E01-0D09B15C34BA}.Debug|x64.ActiveCfg = Debug|Any CPU
		{B2D37F13-1990-4D07-8E01-0D09B15C34BA}.Debug|x64.Build.0 = Debug|Any CPU
		{B2D37F13-1990-4D07-8E01-0D09B15C34BA}.Release|Any CPU.ActiveCfg = Release|Any CPU
		{B2D37F13-1990-4D07-8E01-0D09B15C34BA}.Release|Any CPU.Build.0 = Release|Any CPU
		{B2D37F13-1990-4D07-8E01-0D09B15C34BA}.Release|x64.ActiveCfg = Release|Any CPU
		{B2D37F13-1990-4D07-8E01-0D09B15C34BA}.Release|x64.Build.0 = Release|Any CPU
		{948BBF7E-C260-47A5-B038-D2A8E0F17259}.Debug|Any CPU.ActiveCfg = Debug|Any CPU
		{948BBF7E-C260-47A5-B038-D2A8E0F17259}.Debug|Any CPU.Build.0 = Debug|Any CPU
		{948BBF7E-C260-47A5-B038-D2A8E0F17259}.Debug|x64.ActiveCfg = Debug|Any CPU
		{948BBF7E-C260-47A5-B038-D2A8E0F17259}.Debug|x64.Build.0 = Debug|Any CPU
		{948BBF7E-C260-47A5-B038-D2A8E0F17259}.Release|Any CPU.ActiveCfg = Release|Any CPU
		{948BBF7E-C260-47A5-B038-D2A8E0F17259}.Release|Any CPU.Build.0 = Release|Any CPU
		{948BBF7E-C260-47A5-B038-D2A8E0F17259}.Release|x64.ActiveCfg = Release|Any CPU
		{948BBF7E-C260-47A5-B038-D2A8E0F17259}.Release|x64.Build.0 = Release|Any CPU
		{09C67697-1B3E-4E40-A972-C6768FFA006C}.Debug|Any CPU.ActiveCfg = Debug|Any CPU
		{09C67697-1B3E-4E40-A972-C6768FFA006C}.Debug|Any CPU.Build.0 = Debug|Any CPU
		{09C67697-1B3E-4E40-A972-C6768FFA006C}.Debug|x64.ActiveCfg = Debug|x64
		{09C67697-1B3E-4E40-A972-C6768FFA006C}.Debug|x64.Build.0 = Debug|x64
		{09C67697-1B3E-4E40-A972-C6768FFA006C}.Release|Any CPU.ActiveCfg = Release|Any CPU
		{09C67697-1B3E-4E40-A972-C6768FFA006C}.Release|Any CPU.Build.0 = Release|Any CPU
		{09C67697-1B3E-4E40-A972-C6768FFA006C}.Release|x64.ActiveCfg = Release|x64
		{09C67697-1B3E-4E40-A972-C6768FFA006C}.Release|x64.Build.0 = Release|x64
		{6D6D5061-87E6-42CE-AED2-A631B5A25979}.Debug|Any CPU.ActiveCfg = Debug|Any CPU
		{6D6D5061-87E6-42CE-AED2-A631B5A25979}.Debug|Any CPU.Build.0 = Debug|Any CPU
		{6D6D5061-87E6-42CE-AED2-A631B5A25979}.Debug|x64.ActiveCfg = Debug|Any CPU
		{6D6D5061-87E6-42CE-AED2-A631B5A25979}.Debug|x64.Build.0 = Debug|Any CPU
		{6D6D5061-87E6-42CE-AED2-A631B5A25979}.Release|Any CPU.ActiveCfg = Release|Any CPU
		{6D6D5061-87E6-42CE-AED2-A631B5A25979}.Release|Any CPU.Build.0 = Release|Any CPU
		{6D6D5061-87E6-42CE-AED2-A631B5A25979}.Release|x64.ActiveCfg = Release|Any CPU
		{6D6D5061-87E6-42CE-AED2-A631B5A25979}.Release|x64.Build.0 = Release|Any CPU
		{81815B8A-7E56-4118-80A9-CE691F7A5BDD}.Debug|Any CPU.ActiveCfg = Debug|Any CPU
		{81815B8A-7E56-4118-80A9-CE691F7A5BDD}.Debug|Any CPU.Build.0 = Debug|Any CPU
		{81815B8A-7E56-4118-80A9-CE691F7A5BDD}.Debug|Any CPU.Deploy.0 = Debug|Any CPU
		{81815B8A-7E56-4118-80A9-CE691F7A5BDD}.Debug|x64.ActiveCfg = Debug|Any CPU
		{81815B8A-7E56-4118-80A9-CE691F7A5BDD}.Debug|x64.Build.0 = Debug|Any CPU
		{81815B8A-7E56-4118-80A9-CE691F7A5BDD}.Debug|x64.Deploy.0 = Debug|Any CPU
		{81815B8A-7E56-4118-80A9-CE691F7A5BDD}.Release|Any CPU.ActiveCfg = Release|Any CPU
		{81815B8A-7E56-4118-80A9-CE691F7A5BDD}.Release|Any CPU.Build.0 = Release|Any CPU
		{81815B8A-7E56-4118-80A9-CE691F7A5BDD}.Release|Any CPU.Deploy.0 = Release|Any CPU
		{81815B8A-7E56-4118-80A9-CE691F7A5BDD}.Release|x64.ActiveCfg = Release|Any CPU
		{81815B8A-7E56-4118-80A9-CE691F7A5BDD}.Release|x64.Build.0 = Release|Any CPU
		{81815B8A-7E56-4118-80A9-CE691F7A5BDD}.Release|x64.Deploy.0 = Release|Any CPU
		{C7587A97-8D82-4A8B-A472-89198666FD22}.Debug|Any CPU.ActiveCfg = Debug|Any CPU
		{C7587A97-8D82-4A8B-A472-89198666FD22}.Debug|Any CPU.Build.0 = Debug|Any CPU
		{C7587A97-8D82-4A8B-A472-89198666FD22}.Debug|x64.ActiveCfg = Debug|Any CPU
		{C7587A97-8D82-4A8B-A472-89198666FD22}.Debug|x64.Build.0 = Debug|Any CPU
		{C7587A97-8D82-4A8B-A472-89198666FD22}.Release|Any CPU.ActiveCfg = Release|Any CPU
		{C7587A97-8D82-4A8B-A472-89198666FD22}.Release|Any CPU.Build.0 = Release|Any CPU
		{C7587A97-8D82-4A8B-A472-89198666FD22}.Release|x64.ActiveCfg = Release|Any CPU
		{C7587A97-8D82-4A8B-A472-89198666FD22}.Release|x64.Build.0 = Release|Any CPU
	EndGlobalSection
	GlobalSection(SolutionProperties) = preSolution
		HideSolutionNode = FALSE
	EndGlobalSection
	GlobalSection(NestedProjects) = preSolution
		{8E78DAF8-0422-4883-94F9-B4AE14DD9360} = {9A5F8478-4BB5-4C27-86D5-60423E938ACC}
		{5DA9CB0B-9007-40F1-8086-1B0303D8271F} = {7285A04A-619C-4B73-ADA2-39618E778091}
		{D3E453AA-39B7-480F-8917-6D7F5076C3ED} = {7285A04A-619C-4B73-ADA2-39618E778091}
		{C0468156-744D-44F9-9E1F-879A237806B5} = {7285A04A-619C-4B73-ADA2-39618E778091}
		{D02927AD-1FA5-4A61-9A49-942574AB9FA9} = {7285A04A-619C-4B73-ADA2-39618E778091}
		{2515369E-2EC4-4459-B58E-8B6B6B1D619B} = {9A5F8478-4BB5-4C27-86D5-60423E938ACC}
		{8FB64D88-4639-4893-A63C-364476429C08} = {1FB45A78-70C6-425A-9F16-56F435B4E06A}
		{C9E2F11A-FA37-4FD2-9433-CC64CDBC2CEF} = {8FB64D88-4639-4893-A63C-364476429C08}
		{BC9B78D2-77AC-459C-8F42-99AAFE4242F9} = {8FB64D88-4639-4893-A63C-364476429C08}
		{19C864E9-F42C-404C-BA54-548392DBAF43} = {1FB45A78-70C6-425A-9F16-56F435B4E06A}
		{9148F7E6-31F6-4F96-B7DC-AFEA449998C7} = {9A5F8478-4BB5-4C27-86D5-60423E938ACC}
		{C8156384-FDF8-4305-A864-F2F45DD5A604} = {3791A5C9-6DD0-4573-9B3C-DD20547C028A}
		{B2D37F13-1990-4D07-8E01-0D09B15C34BA} = {9A5F8478-4BB5-4C27-86D5-60423E938ACC}
		{948BBF7E-C260-47A5-B038-D2A8E0F17259} = {9A5F8478-4BB5-4C27-86D5-60423E938ACC}
		{09C67697-1B3E-4E40-A972-C6768FFA006C} = {1FB45A78-70C6-425A-9F16-56F435B4E06A}
		{6D6D5061-87E6-42CE-AED2-A631B5A25979} = {9A5F8478-4BB5-4C27-86D5-60423E938ACC}
		{81815B8A-7E56-4118-80A9-CE691F7A5BDD} = {3791A5C9-6DD0-4573-9B3C-DD20547C028A}
		{C7587A97-8D82-4A8B-A472-89198666FD22} = {1FB45A78-70C6-425A-9F16-56F435B4E06A}
	EndGlobalSection
	GlobalSection(ExtensibilityGlobals) = postSolution
		SolutionGuid = {2D4C6F30-97F1-464E-90C7-09B5B6A50B7E}
	EndGlobalSection
EndGlobal
